
Microsoft Visual Studio Solution File, Format Version 12.00
# Visual Studio 15
VisualStudioVersion = 15.0.28307.902
MinimumVisualStudioVersion = 10.0.40219.1
Project("{FAE04EC0-301F-11D3-BF4B-00C04F79EFBC}") = "Artist-Connect", "Artist-Connect\Artist-Connect.csproj", "{946EF764-3BAD-44B8-831F-11FDE4B3D0E4}"
EndProject
Global
	GlobalSection(SolutionConfigurationPlatforms) = preSolution
		Debug|Any CPU = Debug|Any CPU
		Release|Any CPU = Release|Any CPU
	EndGlobalSection
	GlobalSection(ProjectConfigurationPlatforms) = postSolution
		{946EF764-3BAD-44B8-831F-11FDE4B3D0E4}.Debug|Any CPU.ActiveCfg = Debug|Any CPU
		{946EF764-3BAD-44B8-831F-11FDE4B3D0E4}.Debug|Any CPU.Build.0 = Debug|Any CPU
		{946EF764-3BAD-44B8-831F-11FDE4B3D0E4}.Release|Any CPU.ActiveCfg = Release|Any CPU
		{946EF764-3BAD-44B8-831F-11FDE4B3D0E4}.Release|Any CPU.Build.0 = Release|Any CPU
	EndGlobalSection
	GlobalSection(SolutionProperties) = preSolution
		HideSolutionNode = FALSE
	EndGlobalSection
	GlobalSection(ExtensibilityGlobals) = postSolution
		SolutionGuid = {5F6AA2DF-AC66-4783-AA36-9CD368A17CC3}
	EndGlobalSection
EndGlobal
